
Microsoft Visual Studio Solution File, Format Version 12.00
# Visual Studio Version 16
VisualStudioVersion = 16.0.29613.14
MinimumVisualStudioVersion = 10.0.40219.1
Project("{FAE04EC0-301F-11D3-BF4B-00C04F79EFBC}") = "EncryptingLab_2", "EncryptingLab_2\EncryptingLab_2.csproj", "{00A2AA02-A782-4811-9DE5-88766F844E31}"
EndProject
Global
	GlobalSection(SolutionConfigurationPlatforms) = preSolution
		Debug|Any CPU = Debug|Any CPU
		Release|Any CPU = Release|Any CPU
	EndGlobalSection
	GlobalSection(ProjectConfigurationPlatforms) = postSolution
		{00A2AA02-A782-4811-9DE5-88766F844E31}.Debug|Any CPU.ActiveCfg = Debug|Any CPU
		{00A2AA02-A782-4811-9DE5-88766F844E31}.Debug|Any CPU.Build.0 = Debug|Any CPU
		{00A2AA02-A782-4811-9DE5-88766F844E31}.Release|Any CPU.ActiveCfg = Release|Any CPU
		{00A2AA02-A782-4811-9DE5-88766F844E31}.Release|Any CPU.Build.0 = Release|Any CPU
	EndGlobalSection
	GlobalSection(SolutionProperties) = preSolution
		HideSolutionNode = FALSE
	EndGlobalSection
	GlobalSection(ExtensibilityGlobals) = postSolution
		SolutionGuid = {C386445B-2124-4238-8571-61F74E093F9B}
	EndGlobalSection
EndGlobal
